// !$*UTF8*$!
{
	archiveVersion = 1;
	classes = {
	};
	objectVersion = 46;
	objects = {

/* Begin PBXBuildFile section */
		BD5EB70C1B372E6100838F69 /* AppDelegate.swift in Sources */ = {isa = PBXBuildFile; fileRef = BD5EB70B1B372E6100838F69 /* AppDelegate.swift */; };
		BD5EB70E1B372E6100838F69 /* ViewController.swift in Sources */ = {isa = PBXBuildFile; fileRef = BD5EB70D1B372E6100838F69 /* ViewController.swift */; };
		BD5EB7111B372E6100838F69 /* Main.storyboard in Resources */ = {isa = PBXBuildFile; fileRef = BD5EB70F1B372E6100838F69 /* Main.storyboard */; };
		BD5EB7131B372E6100838F69 /* Assets.xcassets in Resources */ = {isa = PBXBuildFile; fileRef = BD5EB7121B372E6100838F69 /* Assets.xcassets */; };
		BD5EB7161B372E6100838F69 /* LaunchScreen.storyboard in Resources */ = {isa = PBXBuildFile; fileRef = BD5EB7141B372E6100838F69 /* LaunchScreen.storyboard */; };
		BD5EB7211B372E6100838F69 /* IOSGraphicsAppTests.swift in Sources */ = {isa = PBXBuildFile; fileRef = BD5EB7201B372E6100838F69 /* IOSGraphicsAppTests.swift */; };
		BD5EB72C1B372E6100838F69 /* IOSGraphicsAppUITests.swift in Sources */ = {isa = PBXBuildFile; fileRef = BD5EB72B1B372E6100838F69 /* IOSGraphicsAppUITests.swift */; };
		BD5EB73A1B3731E900838F69 /* Graphics.swift in Sources */ = {isa = PBXBuildFile; fileRef = BD5EB7391B3731E900838F69 /* Graphics.swift */; };
		BD5EB73C1B37336F00838F69 /* Shape.swift in Sources */ = {isa = PBXBuildFile; fileRef = BD5EB73B1B37336F00838F69 /* Shape.swift */; };
/* End PBXBuildFile section */

/* Begin PBXContainerItemProxy section */
		BD5EB71D1B372E6100838F69 /* PBXContainerItemProxy */ = {
			isa = PBXContainerItemProxy;
			containerPortal = BD5EB7001B372E6100838F69 /* Project object */;
			proxyType = 1;
			remoteGlobalIDString = BD5EB7071B372E6100838F69;
			remoteInfo = IOSGraphicsApp;
		};
		BD5EB7281B372E6100838F69 /* PBXContainerItemProxy */ = {
			isa = PBXContainerItemProxy;
			containerPortal = BD5EB7001B372E6100838F69 /* Project object */;
			proxyType = 1;
			remoteGlobalIDString = BD5EB7071B372E6100838F69;
			remoteInfo = IOSGraphicsApp;
		};
/* End PBXContainerItemProxy section */

/* Begin PBXFileReference section */
		BD5EB7081B372E6100838F69 /* IOSGraphicsApp.app */ = {isa = PBXFileReference; explicitFileType = wrapper.application; includeInIndex = 0; path = IOSGraphicsApp.app; sourceTree = BUILT_PRODUCTS_DIR; };
		BD5EB70B1B372E6100838F69 /* AppDelegate.swift */ = {isa = PBXFileReference; lastKnownFileType = sourcecode.swift; path = AppDelegate.swift; sourceTree = "<group>"; };
		BD5EB70D1B372E6100838F69 /* ViewController.swift */ = {isa = PBXFileReference; lastKnownFileType = sourcecode.swift; path = ViewController.swift; sourceTree = "<group>"; };
		BD5EB7101B372E6100838F69 /* Base */ = {isa = PBXFileReference; lastKnownFileType = file.storyboard; name = Base; path = Base.lproj/Main.storyboard; sourceTree = "<group>"; };
		BD5EB7121B372E6100838F69 /* Assets.xcassets */ = {isa = PBXFileReference; lastKnownFileType = folder.assetcatalog; path = Assets.xcassets; sourceTree = "<group>"; };
		BD5EB7151B372E6100838F69 /* Base */ = {isa = PBXFileReference; lastKnownFileType = file.storyboard; name = Base; path = Base.lproj/LaunchScreen.storyboard; sourceTree = "<group>"; };
		BD5EB7171B372E6100838F69 /* Info.plist */ = {isa = PBXFileReference; lastKnownFileType = text.plist.xml; path = Info.plist; sourceTree = "<group>"; };
		BD5EB71C1B372E6100838F69 /* IOSGraphicsAppTests.xctest */ = {isa = PBXFileReference; explicitFileType = wrapper.cfbundle; includeInIndex = 0; path = IOSGraphicsAppTests.xctest; sourceTree = BUILT_PRODUCTS_DIR; };
		BD5EB7201B372E6100838F69 /* IOSGraphicsAppTests.swift */ = {isa = PBXFileReference; lastKnownFileType = sourcecode.swift; path = IOSGraphicsAppTests.swift; sourceTree = "<group>"; };
		BD5EB7221B372E6100838F69 /* Info.plist */ = {isa = PBXFileReference; lastKnownFileType = text.plist.xml; path = Info.plist; sourceTree = "<group>"; };
		BD5EB7271B372E6100838F69 /* IOSGraphicsAppUITests.xctest */ = {isa = PBXFileReference; explicitFileType = wrapper.cfbundle; includeInIndex = 0; path = IOSGraphicsAppUITests.xctest; sourceTree = BUILT_PRODUCTS_DIR; };
		BD5EB72B1B372E6100838F69 /* IOSGraphicsAppUITests.swift */ = {isa = PBXFileReference; lastKnownFileType = sourcecode.swift; path = IOSGraphicsAppUITests.swift; sourceTree = "<group>"; };
		BD5EB72D1B372E6100838F69 /* Info.plist */ = {isa = PBXFileReference; lastKnownFileType = text.plist.xml; path = Info.plist; sourceTree = "<group>"; };
		BD5EB7391B3731E900838F69 /* Graphics.swift */ = {isa = PBXFileReference; fileEncoding = 4; lastKnownFileType = sourcecode.swift; path = Graphics.swift; sourceTree = "<group>"; };
		BD5EB73B1B37336F00838F69 /* Shape.swift */ = {isa = PBXFileReference; fileEncoding = 4; lastKnownFileType = sourcecode.swift; path = Shape.swift; sourceTree = "<group>"; };
/* End PBXFileReference section */

/* Begin PBXFrameworksBuildPhase section */
		BD5EB7051B372E6100838F69 /* Frameworks */ = {
			isa = PBXFrameworksBuildPhase;
			buildActionMask = 2147483647;
			files = (
			);
			runOnlyForDeploymentPostprocessing = 0;
		};
		BD5EB7191B372E6100838F69 /* Frameworks */ = {
			isa = PBXFrameworksBuildPhase;
			buildActionMask = 2147483647;
			files = (
			);
			runOnlyForDeploymentPostprocessing = 0;
		};
		BD5EB7241B372E6100838F69 /* Frameworks */ = {
			isa = PBXFrameworksBuildPhase;
			buildActionMask = 2147483647;
			files = (
			);
			runOnlyForDeploymentPostprocessing = 0;
		};
/* End PBXFrameworksBuildPhase section */

/* Begin PBXGroup section */
		BD5EB6FF1B372E6100838F69 = {
			isa = PBXGroup;
			children = (
				BD5EB70A1B372E6100838F69 /* IOSGraphicsApp */,
				BD5EB71F1B372E6100838F69 /* IOSGraphicsAppTests */,
				BD5EB72A1B372E6100838F69 /* IOSGraphicsAppUITests */,
				BD5EB7091B372E6100838F69 /* Products */,
			);
			sourceTree = "<group>";
		};
		BD5EB7091B372E6100838F69 /* Products */ = {
			isa = PBXGroup;
			children = (
				BD5EB7081B372E6100838F69 /* IOSGraphicsApp.app */,
				BD5EB71C1B372E6100838F69 /* IOSGraphicsAppTests.xctest */,
				BD5EB7271B372E6100838F69 /* IOSGraphicsAppUITests.xctest */,
			);
			name = Products;
			sourceTree = "<group>";
		};
		BD5EB70A1B372E6100838F69 /* IOSGraphicsApp */ = {
			isa = PBXGroup;
			children = (
				BD5EB70B1B372E6100838F69 /* AppDelegate.swift */,
				BD5EB70D1B372E6100838F69 /* ViewController.swift */,
				BD5EB7391B3731E900838F69 /* Graphics.swift */,
				BD5EB73B1B37336F00838F69 /* Shape.swift */,
				BD5EB70F1B372E6100838F69 /* Main.storyboard */,
				BD5EB7121B372E6100838F69 /* Assets.xcassets */,
				BD5EB7141B372E6100838F69 /* LaunchScreen.storyboard */,
				BD5EB7171B372E6100838F69 /* Info.plist */,
			);
			path = IOSGraphicsApp;
			sourceTree = "<group>";
		};
		BD5EB71F1B372E6100838F69 /* IOSGraphicsAppTests */ = {
			isa = PBXGroup;
			children = (
				BD5EB7201B372E6100838F69 /* IOSGraphicsAppTests.swift */,
				BD5EB7221B372E6100838F69 /* Info.plist */,
			);
			path = IOSGraphicsAppTests;
			sourceTree = "<group>";
		};
		BD5EB72A1B372E6100838F69 /* IOSGraphicsAppUITests */ = {
			isa = PBXGroup;
			children = (
				BD5EB72B1B372E6100838F69 /* IOSGraphicsAppUITests.swift */,
				BD5EB72D1B372E6100838F69 /* Info.plist */,
			);
			path = IOSGraphicsAppUITests;
			sourceTree = "<group>";
		};
/* End PBXGroup section */

/* Begin PBXNativeTarget section */
		BD5EB7071B372E6100838F69 /* IOSGraphicsApp */ = {
			isa = PBXNativeTarget;
			buildConfigurationList = BD5EB7301B372E6100838F69 /* Build configuration list for PBXNativeTarget "IOSGraphicsApp" */;
			buildPhases = (
				BD5EB7041B372E6100838F69 /* Sources */,
				BD5EB7051B372E6100838F69 /* Frameworks */,
				BD5EB7061B372E6100838F69 /* Resources */,
			);
			buildRules = (
			);
			dependencies = (
			);
			name = IOSGraphicsApp;
			productName = IOSGraphicsApp;
			productReference = BD5EB7081B372E6100838F69 /* IOSGraphicsApp.app */;
			productType = "com.apple.product-type.application";
		};
		BD5EB71B1B372E6100838F69 /* IOSGraphicsAppTests */ = {
			isa = PBXNativeTarget;
			buildConfigurationList = BD5EB7331B372E6100838F69 /* Build configuration list for PBXNativeTarget "IOSGraphicsAppTests" */;
			buildPhases = (
				BD5EB7181B372E6100838F69 /* Sources */,
				BD5EB7191B372E6100838F69 /* Frameworks */,
				BD5EB71A1B372E6100838F69 /* Resources */,
			);
			buildRules = (
			);
			dependencies = (
				BD5EB71E1B372E6100838F69 /* PBXTargetDependency */,
			);
			name = IOSGraphicsAppTests;
			productName = IOSGraphicsAppTests;
			productReference = BD5EB71C1B372E6100838F69 /* IOSGraphicsAppTests.xctest */;
			productType = "com.apple.product-type.bundle.unit-test";
		};
		BD5EB7261B372E6100838F69 /* IOSGraphicsAppUITests */ = {
			isa = PBXNativeTarget;
			buildConfigurationList = BD5EB7361B372E6100838F69 /* Build configuration list for PBXNativeTarget "IOSGraphicsAppUITests" */;
			buildPhases = (
				BD5EB7231B372E6100838F69 /* Sources */,
				BD5EB7241B372E6100838F69 /* Frameworks */,
				BD5EB7251B372E6100838F69 /* Resources */,
			);
			buildRules = (
			);
			dependencies = (
				BD5EB7291B372E6100838F69 /* PBXTargetDependency */,
			);
			name = IOSGraphicsAppUITests;
			productName = IOSGraphicsAppUITests;
			productReference = BD5EB7271B372E6100838F69 /* IOSGraphicsAppUITests.xctest */;
			productType = "com.apple.product-type.bundle.ui-testing";
		};
/* End PBXNativeTarget section */

/* Begin PBXProject section */
		BD5EB7001B372E6100838F69 /* Project object */ = {
			isa = PBXProject;
			attributes = {
				LastUpgradeCheck = 0700;
				ORGANIZATIONNAME = "James Carlson";
				TargetAttributes = {
					BD5EB7071B372E6100838F69 = {
						CreatedOnToolsVersion = 7.0;
					};
					BD5EB71B1B372E6100838F69 = {
						CreatedOnToolsVersion = 7.0;
						TestTargetID = BD5EB7071B372E6100838F69;
					};
					BD5EB7261B372E6100838F69 = {
						CreatedOnToolsVersion = 7.0;
						TestTargetID = BD5EB7071B372E6100838F69;
					};
				};
			};
			buildConfigurationList = BD5EB7031B372E6100838F69 /* Build configuration list for PBXProject "IOSGraphicsApp" */;
			compatibilityVersion = "Xcode 3.2";
			developmentRegion = English;
			hasScannedForEncodings = 0;
			knownRegions = (
				en,
				Base,
			);
			mainGroup = BD5EB6FF1B372E6100838F69;
			productRefGroup = BD5EB7091B372E6100838F69 /* Products */;
			projectDirPath = "";
			projectRoot = "";
			targets = (
				BD5EB7071B372E6100838F69 /* IOSGraphicsApp */,
				BD5EB71B1B372E6100838F69 /* IOSGraphicsAppTests */,
				BD5EB7261B372E6100838F69 /* IOSGraphicsAppUITests */,
			);
		};
/* End PBXProject section */

/* Begin PBXResourcesBuildPhase section */
		BD5EB7061B372E6100838F69 /* Resources */ = {
			isa = PBXResourcesBuildPhase;
			buildActionMask = 2147483647;
			files = (
				BD5EB7161B372E6100838F69 /* LaunchScreen.storyboard in Resources */,
				BD5EB7131B372E6100838F69 /* Assets.xcassets in Resources */,
				BD5EB7111B372E6100838F69 /* Main.storyboard in Resources */,
			);
			runOnlyForDeploymentPostprocessing = 0;
		};
		BD5EB71A1B372E6100838F69 /* Resources */ = {
			isa = PBXResourcesBuildPhase;
			buildActionMask = 2147483647;
			files = (
			);
			runOnlyForDeploymentPostprocessing = 0;
		};
		BD5EB7251B372E6100838F69 /* Resources */ = {
			isa = PBXResourcesBuildPhase;
			buildActionMask = 2147483647;
			files = (
			);
			runOnlyForDeploymentPostprocessing = 0;
		};
/* End PBXResourcesBuildPhase section */

/* Begin PBXSourcesBuildPhase section */
		BD5EB7041B372E6100838F69 /* Sources */ = {
			isa = PBXSourcesBuildPhase;
			buildActionMask = 2147483647;
			files = (
				BD5EB73A1B3731E900838F69 /* Graphics.swift in Sources */,
				BD5EB70E1B372E6100838F69 /* ViewController.swift in Sources */,
				BD5EB70C1B372E6100838F69 /* AppDelegate.swift in Sources */,
				BD5EB73C1B37336F00838F69 /* Shape.swift in Sources */,
			);
			runOnlyForDeploymentPostprocessing = 0;
		};
		BD5EB7181B372E6100838F69 /* Sources */ = {
			isa = PBXSourcesBuildPhase;
			buildActionMask = 2147483647;
			files = (
				BD5EB7211B372E6100838F69 /* IOSGraphicsAppTests.swift in Sources */,
			);
			runOnlyForDeploymentPostprocessing = 0;
		};
		BD5EB7231B372E6100838F69 /* Sources */ = {
			isa = PBXSourcesBuildPhase;
			buildActionMask = 2147483647;
			files = (
				BD5EB72C1B372E6100838F69 /* IOSGraphicsAppUITests.swift in Sources */,
			);
			runOnlyForDeploymentPostprocessing = 0;
		};
/* End PBXSourcesBuildPhase section */

/* Begin PBXTargetDependency section */
		BD5EB71E1B372E6100838F69 /* PBXTargetDependency */ = {
			isa = PBXTargetDependency;
			target = BD5EB7071B372E6100838F69 /* IOSGraphicsApp */;
			targetProxy = BD5EB71D1B372E6100838F69 /* PBXContainerItemProxy */;
		};
		BD5EB7291B372E6100838F69 /* PBXTargetDependency */ = {
			isa = PBXTargetDependency;
			target = BD5EB7071B372E6100838F69 /* IOSGraphicsApp */;
			targetProxy = BD5EB7281B372E6100838F69 /* PBXContainerItemProxy */;
		};
/* End PBXTargetDependency section */

/* Begin PBXVariantGroup section */
		BD5EB70F1B372E6100838F69 /* Main.storyboard */ = {
			isa = PBXVariantGroup;
			children = (
				BD5EB7101B372E6100838F69 /* Base */,
			);
			name = Main.storyboard;
			sourceTree = "<group>";
		};
		BD5EB7141B372E6100838F69 /* LaunchScreen.storyboard */ = {
			isa = PBXVariantGroup;
			children = (
				BD5EB7151B372E6100838F69 /* Base */,
			);
			name = LaunchScreen.storyboard;
			sourceTree = "<group>";
		};
/* End PBXVariantGroup section */

/* Begin XCBuildConfiguration section */
		BD5EB72E1B372E6100838F69 /* Debug */ = {
			isa = XCBuildConfiguration;
			buildSettings = {
				ALWAYS_SEARCH_USER_PATHS = NO;
				CLANG_CXX_LANGUAGE_STANDARD = "gnu++0x";
				CLANG_CXX_LIBRARY = "libc++";
				CLANG_ENABLE_MODULES = YES;
				CLANG_ENABLE_OBJC_ARC = YES;
				CLANG_WARN_BOOL_CONVERSION = YES;
				CLANG_WARN_CONSTANT_CONVERSION = YES;
				CLANG_WARN_DIRECT_OBJC_ISA_USAGE = YES_ERROR;
				CLANG_WARN_EMPTY_BODY = YES;
				CLANG_WARN_ENUM_CONVERSION = YES;
				CLANG_WARN_INT_CONVERSION = YES;
				CLANG_WARN_OBJC_ROOT_CLASS = YES_ERROR;
				CLANG_WARN_UNREACHABLE_CODE = YES;
				CLANG_WARN__DUPLICATE_METHOD_MATCH = YES;
				"CODE_SIGN_IDENTITY[sdk=iphoneos*]" = "iPhone Developer";
				COPY_PHASE_STRIP = NO;
				DEBUG_INFORMATION_FORMAT = dwarf;
				ENABLE_STRICT_OBJC_MSGSEND = YES;
				ENABLE_TESTABILITY = YES;
				GCC_C_LANGUAGE_STANDARD = gnu99;
				GCC_DYNAMIC_NO_PIC = NO;
				GCC_NO_COMMON_BLOCKS = YES;
				GCC_OPTIMIZATION_LEVEL = 0;
				GCC_PREPROCESSOR_DEFINITIONS = (
					"DEBUG=1",
					"$(inherited)",
				);
				GCC_WARN_64_TO_32_BIT_CONVERSION = YES;
				GCC_WARN_ABOUT_RETURN_TYPE = YES_ERROR;
				GCC_WARN_UNDECLARED_SELECTOR = YES;
				GCC_WARN_UNINITIALIZED_AUTOS = YES_AGGRESSIVE;
				GCC_WARN_UNUSED_FUNCTION = YES;
				GCC_WARN_UNUSED_VARIABLE = YES;
				IPHONEOS_DEPLOYMENT_TARGET = 9.0;
				MTL_ENABLE_DEBUG_INFO = YES;
				ONLY_ACTIVE_ARCH = YES;
				SDKROOT = iphoneos;
				SWIFT_OPTIMIZATION_LEVEL = "-Onone";
				TARGETED_DEVICE_FAMILY = "1,2";
			};
			name = Debug;
		};
		BD5EB72F1B372E6100838F69 /* Release */ = {
			isa = XCBuildConfiguration;
			buildSettings = {
				ALWAYS_SEARCH_USER_PATHS = NO;
				CLANG_CXX_LANGUAGE_STANDARD = "gnu++0x";
				CLANG_CXX_LIBRARY = "libc++";
				CLANG_ENABLE_MODULES = YES;
				CLANG_ENABLE_OBJC_ARC = YES;
				CLANG_WARN_BOOL_CONVERSION = YES;
				CLANG_WARN_CONSTANT_CONVERSION = YES;
				CLANG_WARN_DIRECT_OBJC_ISA_USAGE = YES_ERROR;
				CLANG_WARN_EMPTY_BODY = YES;
				CLANG_WARN_ENUM_CONVERSION = YES;
				CLANG_WARN_INT_CONVERSION = YES;
				CLANG_WARN_OBJC_ROOT_CLASS = YES_ERROR;
				CLANG_WARN_UNREACHABLE_CODE = YES;
				CLANG_WARN__DUPLICATE_METHOD_MATCH = YES;
				"CODE_SIGN_IDENTITY[sdk=iphoneos*]" = "iPhone Developer";
				COPY_PHASE_STRIP = NO;
				DEBUG_INFORMATION_FORMAT = "dwarf-with-dsym";
				ENABLE_NS_ASSERTIONS = NO;
				ENABLE_STRICT_OBJC_MSGSEND = YES;
				GCC_C_LANGUAGE_STANDARD = gnu99;
				GCC_NO_COMMON_BLOCKS = YES;
				GCC_WARN_64_TO_32_BIT_CONVERSION = YES;
				GCC_WARN_ABOUT_RETURN_TYPE = YES_ERROR;
				GCC_WARN_UNDECLARED_SELECTOR = YES;
				GCC_WARN_UNINITIALIZED_AUTOS = YES_AGGRESSIVE;
				GCC_WARN_UNUSED_FUNCTION = YES;
				GCC_WARN_UNUSED_VARIABLE = YES;
				IPHONEOS_DEPLOYMENT_TARGET = 9.0;
				MTL_ENABLE_DEBUG_INFO = NO;
				SDKROOT = iphoneos;
				TARGETED_DEVICE_FAMILY = "1,2";
				VALIDATE_PRODUCT = YES;
			};
			name = Release;
		};
		BD5EB7311B372E6100838F69 /* Debug */ = {
			isa = XCBuildConfiguration;
			buildSettings = {
				ASSETCATALOG_COMPILER_APPICON_NAME = AppIcon;
				INFOPLIST_FILE = IOSGraphicsApp/Info.plist;
				LD_RUNPATH_SEARCH_PATHS = "$(inherited) @executable_path/Frameworks";
				PRODUCT_BUNDLE_IDENTIFIER = com.offCenterApps.IOSGraphicsApp;
				PRODUCT_NAME = "$(TARGET_NAME)";
			};
			name = Debug;
		};
		BD5EB7321B372E6100838F69 /* Release */ = {
			isa = XCBuildConfiguration;
			buildSettings = {
				ASSETCATALOG_COMPILER_APPICON_NAME = AppIcon;
				INFOPLIST_FILE = IOSGraphicsApp/Info.plist;
				LD_RUNPATH_SEARCH_PATHS = "$(inherited) @executable_path/Frameworks";
				PRODUCT_BUNDLE_IDENTIFIER = com.offCenterApps.IOSGraphicsApp;
				PRODUCT_NAME = "$(TARGET_NAME)";
			};
			name = Release;
		};
		BD5EB7341B372E6100838F69 /* Debug */ = {
			isa = XCBuildConfiguration;
			buildSettings = {
				BUNDLE_LOADER = "$(TEST_HOST)";
				INFOPLIST_FILE = IOSGraphicsAppTests/Info.plist;
				LD_RUNPATH_SEARCH_PATHS = "$(inherited) @executable_path/Frameworks @loader_path/Frameworks";
				PRODUCT_BUNDLE_IDENTIFIER = com.offCenterApps.IOSGraphicsAppTests;
				PRODUCT_NAME = "$(TARGET_NAME)";
				TEST_HOST = "$(BUILT_PRODUCTS_DIR)/IOSGraphicsApp.app/IOSGraphicsApp";
			};
			name = Debug;
		};
		BD5EB7351B372E6100838F69 /* Release */ = {
			isa = XCBuildConfiguration;
			buildSettings = {
				BUNDLE_LOADER = "$(TEST_HOST)";
				INFOPLIST_FILE = IOSGraphicsAppTests/Info.plist;
				LD_RUNPATH_SEARCH_PATHS = "$(inherited) @executable_path/Frameworks @loader_path/Frameworks";
				PRODUCT_BUNDLE_IDENTIFIER = com.offCenterApps.IOSGraphicsAppTests;
				PRODUCT_NAME = "$(TARGET_NAME)";
				TEST_HOST = "$(BUILT_PRODUCTS_DIR)/IOSGraphicsApp.app/IOSGraphicsApp";
			};
			name = Release;
		};
		BD5EB7371B372E6100838F69 /* Debug */ = {
			isa = XCBuildConfiguration;
			buildSettings = {
				INFOPLIST_FILE = IOSGraphicsAppUITests/Info.plist;
				LD_RUNPATH_SEARCH_PATHS = "$(inherited) @executable_path/Frameworks @loader_path/Frameworks";
				PRODUCT_BUNDLE_IDENTIFIER = com.offCenterApps.IOSGraphicsAppUITests;
				PRODUCT_NAME = "$(TARGET_NAME)";
				TEST_TARGET_NAME = IOSGraphicsApp;
				USES_XCTRUNNER = YES;
			};
			name = Debug;
		};
		BD5EB7381B372E6100838F69 /* Release */ = {
			isa = XCBuildConfiguration;
			buildSettings = {
				INFOPLIST_FILE = IOSGraphicsAppUITests/Info.plist;
				LD_RUNPATH_SEARCH_PATHS = "$(inherited) @executable_path/Frameworks @loader_path/Frameworks";
				PRODUCT_BUNDLE_IDENTIFIER = com.offCenterApps.IOSGraphicsAppUITests;
				PRODUCT_NAME = "$(TARGET_NAME)";
				TEST_TARGET_NAME = IOSGraphicsApp;
				USES_XCTRUNNER = YES;
			};
			name = Release;
		};
/* End XCBuildConfiguration section */

/* Begin XCConfigurationList section */
		BD5EB7031B372E6100838F69 /* Build configuration list for PBXProject "IOSGraphicsApp" */ = {
			isa = XCConfigurationList;
			buildConfigurations = (
				BD5EB72E1B372E6100838F69 /* Debug */,
				BD5EB72F1B372E6100838F69 /* Release */,
			);
			defaultConfigurationIsVisible = 0;
			defaultConfigurationName = Release;
		};
		BD5EB7301B372E6100838F69 /* Build configuration list for PBXNativeTarget "IOSGraphicsApp" */ = {
			isa = XCConfigurationList;
			buildConfigurations = (
				BD5EB7311B372E6100838F69 /* Debug */,
				BD5EB7321B372E6100838F69 /* Release */,
			);
			defaultConfigurationIsVisible = 0;
		};
		BD5EB7331B372E6100838F69 /* Build configuration list for PBXNativeTarget "IOSGraphicsAppTests" */ = {
			isa = XCConfigurationList;
			buildConfigurations = (
				BD5EB7341B372E6100838F69 /* Debug */,
				BD5EB7351B372E6100838F69 /* Release */,
			);
			defaultConfigurationIsVisible = 0;
		};
		BD5EB7361B372E6100838F69 /* Build configuration list for PBXNativeTarget "IOSGraphicsAppUITests" */ = {
			isa = XCConfigurationList;
			buildConfigurations = (
				BD5EB7371B372E6100838F69 /* Debug */,
				BD5EB7381B372E6100838F69 /* Release */,
			);
			defaultConfigurationIsVisible = 0;
		};
/* End XCConfigurationList section */
	};
	rootObject = BD5EB7001B372E6100838F69 /* Project object */;
}
